<?xml version="1.0" encoding="UTF-8" standalone="yes" ?>
<CodeBlocks_project_file>
	<FileVersion major="1" minor="6" />
	<Project>
		<Option title="diplom" />
		<Option pch_mode="2" />
		<Option default_target="Release" />
		<Option compiler="gcc" />
		<Build>
			<Target title="Debug">
				<Option output="Debug/bin/diplom" prefix_auto="1" extension_auto="1" />
				<Option object_output="Debug/obj/" />
				<Option type="1" />
				<Option compiler="gcc" />
				<Option parameters="test" />
				<Option host_application="Debug/bin/diplom" />
				<Compiler>
					<Add option="-g" />
				</Compiler>
			</Target>
			<Target title="Release">
				<Option output="Release/bin/diplom" prefix_auto="1" extension_auto="1" />
				<Option object_output="Release/obj/" />
				<Option type="1" />
				<Option compiler="gcc" />
				<Option parameters="test" />
				<Compiler>
					<Add option="-O2" />
				</Compiler>
				<Linker>
					<Add option="-s" />
				</Linker>
			</Target>
		</Build>
		<Compiler>
			<Add option="-Wall" />
			<Add option="-fexceptions -std=c++0x" />
		</Compiler>
		<Linker>
			<Add library="libboost_unit_test_framework" />
		</Linker>
		<Unit filename="src/AutomatonWithInputOutputMemory.h" />
		<Unit filename="src/BinaryArray.h" />
		<Unit filename="src/BooleanFunction.h" />
		<Unit filename="src/DeterministicAutomaton.h" />
		<Unit filename="src/IntegerFunction.h" />
		<Unit filename="src/Utils.h" />
		<Unit filename="src/algorithm/Algorithm.h" />
		<Unit filename="src/algorithm/ProhibitionAutomatonState.h" />
		<Unit filename="src/algorithm/ProhibitionsHelper.h" />
		<Unit filename="src/main.cpp" />
		<Unit filename="src/tests.h" />
		<Extensions>
			<code_completion />
			<envvars />
			<lib_finder disable_auto="1">
				<lib name="boost_unit_test_framework" />
			</lib_finder>
			<debugger />
		</Extensions>
	</Project>
</CodeBlocks_project_file>
